
Microsoft Visual Studio Solution File, Format Version 12.00
# Visual Studio 14
VisualStudioVersion = 14.0.25420.1
MinimumVisualStudioVersion = 10.0.40219.1
Project("{FAE04EC0-301F-11D3-BF4B-00C04F79EFBC}") = "M.I.D.I", "M.I.D.I\M.I.D.I.csproj", "{D8923491-A54D-4308-B0C5-3E612FCB7441}"
EndProject
Project("{FAE04EC0-301F-11D3-BF4B-00C04F79EFBC}") = "BussinessLogic", "BussinessLogic\BussinessLogic.csproj", "{89BD19E3-58E3-4DA4-963B-9213F16E547E}"
EndProject
Project("{FAE04EC0-301F-11D3-BF4B-00C04F79EFBC}") = "BussinessLogic.Interface", "BussinessLogic.Interface\BussinessLogic.Interface.csproj", "{282CBFBD-F73D-4615-A4F1-15EA62D9E4A1}"
EndProject
Project("{FAE04EC0-301F-11D3-BF4B-00C04F79EFBC}") = "DataAccess.Interface", "DataAccess.Interface\DataAccess.Interface.csproj", "{ADA13EE6-9577-4363-8589-470121A08002}"
EndProject
Project("{FAE04EC0-301F-11D3-BF4B-00C04F79EFBC}") = "DataAccess", "DataAccess\DataAccess.csproj", "{D9701963-A2AE-4B33-BFF9-556B4FD1E46C}"
EndProject
Project("{FAE04EC0-301F-11D3-BF4B-00C04F79EFBC}") = "ResolveModule", "ResolveModule\ResolveModule.csproj", "{0FCA4EF8-BA6C-4F29-B91F-2E85F3068309}"
EndProject
Global
	GlobalSection(SolutionConfigurationPlatforms) = preSolution
		Debug|Any CPU = Debug|Any CPU
		Debug|ARM = Debug|ARM
		Debug|x64 = Debug|x64
		Debug|x86 = Debug|x86
		Release|Any CPU = Release|Any CPU
		Release|ARM = Release|ARM
		Release|x64 = Release|x64
		Release|x86 = Release|x86
	EndGlobalSection
	GlobalSection(ProjectConfigurationPlatforms) = postSolution
		{D8923491-A54D-4308-B0C5-3E612FCB7441}.Debug|Any CPU.ActiveCfg = Debug|x86
		{D8923491-A54D-4308-B0C5-3E612FCB7441}.Debug|ARM.ActiveCfg = Debug|ARM
		{D8923491-A54D-4308-B0C5-3E612FCB7441}.Debug|ARM.Build.0 = Debug|ARM
		{D8923491-A54D-4308-B0C5-3E612FCB7441}.Debug|ARM.Deploy.0 = Debug|ARM
		{D8923491-A54D-4308-B0C5-3E612FCB7441}.Debug|x64.ActiveCfg = Debug|x64
		{D8923491-A54D-4308-B0C5-3E612FCB7441}.Debug|x64.Build.0 = Debug|x64
		{D8923491-A54D-4308-B0C5-3E612FCB7441}.Debug|x64.Deploy.0 = Debug|x64
		{D8923491-A54D-4308-B0C5-3E612FCB7441}.Debug|x86.ActiveCfg = Debug|x86
		{D8923491-A54D-4308-B0C5-3E612FCB7441}.Debug|x86.Build.0 = Debug|x86
		{D8923491-A54D-4308-B0C5-3E612FCB7441}.Debug|x86.Deploy.0 = Debug|x86
		{D8923491-A54D-4308-B0C5-3E612FCB7441}.Release|Any CPU.ActiveCfg = Release|x86
		{D8923491-A54D-4308-B0C5-3E612FCB7441}.Release|ARM.ActiveCfg = Release|ARM
		{D8923491-A54D-4308-B0C5-3E612FCB7441}.Release|ARM.Build.0 = Release|ARM
		{D8923491-A54D-4308-B0C5-3E612FCB7441}.Release|ARM.Deploy.0 = Release|ARM
		{D8923491-A54D-4308-B0C5-3E612FCB7441}.Release|x64.ActiveCfg = Release|x64
		{D8923491-A54D-4308-B0C5-3E612FCB7441}.Release|x64.Build.0 = Release|x64
		{D8923491-A54D-4308-B0C5-3E612FCB7441}.Release|x64.Deploy.0 = Release|x64
		{D8923491-A54D-4308-B0C5-3E612FCB7441}.Release|x86.ActiveCfg = Release|x86
		{D8923491-A54D-4308-B0C5-3E612FCB7441}.Release|x86.Build.0 = Release|x86
		{D8923491-A54D-4308-B0C5-3E612FCB7441}.Release|x86.Deploy.0 = Release|x86
		{89BD19E3-58E3-4DA4-963B-9213F16E547E}.Debug|Any CPU.ActiveCfg = Debug|Any CPU
		{89BD19E3-58E3-4DA4-963B-9213F16E547E}.Debug|Any CPU.Build.0 = Debug|Any CPU
		{89BD19E3-58E3-4DA4-963B-9213F16E547E}.Debug|ARM.ActiveCfg = Debug|ARM
		{89BD19E3-58E3-4DA4-963B-9213F16E547E}.Debug|ARM.Build.0 = Debug|ARM
		{89BD19E3-58E3-4DA4-963B-9213F16E547E}.Debug|x64.ActiveCfg = Debug|x64
		{89BD19E3-58E3-4DA4-963B-9213F16E547E}.Debug|x64.Build.0 = Debug|x64
		{89BD19E3-58E3-4DA4-963B-9213F16E547E}.Debug|x86.ActiveCfg = Debug|x86
		{89BD19E3-58E3-4DA4-963B-9213F16E547E}.Debug|x86.Build.0 = Debug|x86
		{89BD19E3-58E3-4DA4-963B-9213F16E547E}.Release|Any CPU.ActiveCfg = Release|Any CPU
		{89BD19E3-58E3-4DA4-963B-9213F16E547E}.Release|Any CPU.Build.0 = Release|Any CPU
		{89BD19E3-58E3-4DA4-963B-9213F16E547E}.Release|ARM.ActiveCfg = Release|ARM
		{89BD19E3-58E3-4DA4-963B-9213F16E547E}.Release|ARM.Build.0 = Release|ARM
		{89BD19E3-58E3-4DA4-963B-9213F16E547E}.Release|x64.ActiveCfg = Release|x64
		{89BD19E3-58E3-4DA4-963B-9213F16E547E}.Release|x64.Build.0 = Release|x64
		{89BD19E3-58E3-4DA4-963B-9213F16E547E}.Release|x86.ActiveCfg = Release|x86
		{89BD19E3-58E3-4DA4-963B-9213F16E547E}.Release|x86.Build.0 = Release|x86
		{282CBFBD-F73D-4615-A4F1-15EA62D9E4A1}.Debug|Any CPU.ActiveCfg = Debug|Any CPU
		{282CBFBD-F73D-4615-A4F1-15EA62D9E4A1}.Debug|Any CPU.Build.0 = Debug|Any CPU
		{282CBFBD-F73D-4615-A4F1-15EA62D9E4A1}.Debug|ARM.ActiveCfg = Debug|ARM
		{282CBFBD-F73D-4615-A4F1-15EA62D9E4A1}.Debug|ARM.Build.0 = Debug|ARM
		{282CBFBD-F73D-4615-A4F1-15EA62D9E4A1}.Debug|x64.ActiveCfg = Debug|x64
		{282CBFBD-F73D-4615-A4F1-15EA62D9E4A1}.Debug|x64.Build.0 = Debug|x64
		{282CBFBD-F73D-4615-A4F1-15EA62D9E4A1}.Debug|x86.ActiveCfg = Debug|x86
		{282CBFBD-F73D-4615-A4F1-15EA62D9E4A1}.Debug|x86.Build.0 = Debug|x86
		{282CBFBD-F73D-4615-A4F1-15EA62D9E4A1}.Release|Any CPU.ActiveCfg = Release|Any CPU
		{282CBFBD-F73D-4615-A4F1-15EA62D9E4A1}.Release|Any CPU.Build.0 = Release|Any CPU
		{282CBFBD-F73D-4615-A4F1-15EA62D9E4A1}.Release|ARM.ActiveCfg = Release|ARM
		{282CBFBD-F73D-4615-A4F1-15EA62D9E4A1}.Release|ARM.Build.0 = Release|ARM
		{282CBFBD-F73D-4615-A4F1-15EA62D9E4A1}.Release|x64.ActiveCfg = Release|x64
		{282CBFBD-F73D-4615-A4F1-15EA62D9E4A1}.Release|x64.Build.0 = Release|x64
		{282CBFBD-F73D-4615-A4F1-15EA62D9E4A1}.Release|x86.ActiveCfg = Release|x86
		{282CBFBD-F73D-4615-A4F1-15EA62D9E4A1}.Release|x86.Build.0 = Release|x86
		{ADA13EE6-9577-4363-8589-470121A08002}.Debug|Any CPU.ActiveCfg = Debug|Any CPU
		{ADA13EE6-9577-4363-8589-470121A08002}.Debug|Any CPU.Build.0 = Debug|Any CPU
		{ADA13EE6-9577-4363-8589-470121A08002}.Debug|ARM.ActiveCfg = Debug|ARM
		{ADA13EE6-9577-4363-8589-470121A08002}.Debug|ARM.Build.0 = Debug|ARM
		{ADA13EE6-9577-4363-8589-470121A08002}.Debug|x64.ActiveCfg = Debug|x64
		{ADA13EE6-9577-4363-8589-470121A08002}.Debug|x64.Build.0 = Debug|x64
		{ADA13EE6-9577-4363-8589-470121A08002}.Debug|x86.ActiveCfg = Debug|x86
		{ADA13EE6-9577-4363-8589-470121A08002}.Debug|x86.Build.0 = Debug|x86
		{ADA13EE6-9577-4363-8589-470121A08002}.Release|Any CPU.ActiveCfg = Release|Any CPU
		{ADA13EE6-9577-4363-8589-470121A08002}.Release|Any CPU.Build.0 = Release|Any CPU
		{ADA13EE6-9577-4363-8589-470121A08002}.Release|ARM.ActiveCfg = Release|ARM
		{ADA13EE6-9577-4363-8589-470121A08002}.Release|ARM.Build.0 = Release|ARM
		{ADA13EE6-9577-4363-8589-470121A08002}.Release|x64.ActiveCfg = Release|x64
		{ADA13EE6-9577-4363-8589-470121A08002}.Release|x64.Build.0 = Release|x64
		{ADA13EE6-9577-4363-8589-470121A08002}.Release|x86.ActiveCfg = Release|x86
		{ADA13EE6-9577-4363-8589-470121A08002}.Release|x86.Build.0 = Release|x86
		{D9701963-A2AE-4B33-BFF9-556B4FD1E46C}.Debug|Any CPU.ActiveCfg = Debug|Any CPU
		{D9701963-A2AE-4B33-BFF9-556B4FD1E46C}.Debug|Any CPU.Build.0 = Debug|Any CPU
		{D9701963-A2AE-4B33-BFF9-556B4FD1E46C}.Debug|ARM.ActiveCfg = Debug|ARM
		{D9701963-A2AE-4B33-BFF9-556B4FD1E46C}.Debug|ARM.Build.0 = Debug|ARM
		{D9701963-A2AE-4B33-BFF9-556B4FD1E46C}.Debug|x64.ActiveCfg = Debug|x64
		{D9701963-A2AE-4B33-BFF9-556B4FD1E46C}.Debug|x64.Build.0 = Debug|x64
		{D9701963-A2AE-4B33-BFF9-556B4FD1E46C}.Debug|x86.ActiveCfg = Debug|x86
		{D9701963-A2AE-4B33-BFF9-556B4FD1E46C}.Debug|x86.Build.0 = Debug|x86
		{D9701963-A2AE-4B33-BFF9-556B4FD1E46C}.Release|Any CPU.ActiveCfg = Release|Any CPU
		{D9701963-A2AE-4B33-BFF9-556B4FD1E46C}.Release|Any CPU.Build.0 = Release|Any CPU
		{D9701963-A2AE-4B33-BFF9-556B4FD1E46C}.Release|ARM.ActiveCfg = Release|ARM
		{D9701963-A2AE-4B33-BFF9-556B4FD1E46C}.Release|ARM.Build.0 = Release|ARM
		{D9701963-A2AE-4B33-BFF9-556B4FD1E46C}.Release|x64.ActiveCfg = Release|x64
		{D9701963-A2AE-4B33-BFF9-556B4FD1E46C}.Release|x64.Build.0 = Release|x64
		{D9701963-A2AE-4B33-BFF9-556B4FD1E46C}.Release|x86.ActiveCfg = Release|x86
		{D9701963-A2AE-4B33-BFF9-556B4FD1E46C}.Release|x86.Build.0 = Release|x86
		{0FCA4EF8-BA6C-4F29-B91F-2E85F3068309}.Debug|Any CPU.ActiveCfg = Debug|Any CPU
		{0FCA4EF8-BA6C-4F29-B91F-2E85F3068309}.Debug|Any CPU.Build.0 = Debug|Any CPU
		{0FCA4EF8-BA6C-4F29-B91F-2E85F3068309}.Debug|ARM.ActiveCfg = Debug|ARM
		{0FCA4EF8-BA6C-4F29-B91F-2E85F3068309}.Debug|ARM.Build.0 = Debug|ARM
		{0FCA4EF8-BA6C-4F29-B91F-2E85F3068309}.Debug|x64.ActiveCfg = Debug|x64
		{0FCA4EF8-BA6C-4F29-B91F-2E85F3068309}.Debug|x64.Build.0 = Debug|x64
		{0FCA4EF8-BA6C-4F29-B91F-2E85F3068309}.Debug|x86.ActiveCfg = Debug|x86
		{0FCA4EF8-BA6C-4F29-B91F-2E85F3068309}.Debug|x86.Build.0 = Debug|x86
		{0FCA4EF8-BA6C-4F29-B91F-2E85F3068309}.Release|Any CPU.ActiveCfg = Release|Any CPU
		{0FCA4EF8-BA6C-4F29-B91F-2E85F3068309}.Release|Any CPU.Build.0 = Release|Any CPU
		{0FCA4EF8-BA6C-4F29-B91F-2E85F3068309}.Release|ARM.ActiveCfg = Release|ARM
		{0FCA4EF8-BA6C-4F29-B91F-2E85F3068309}.Release|ARM.Build.0 = Release|ARM
		{0FCA4EF8-BA6C-4F29-B91F-2E85F3068309}.Release|x64.ActiveCfg = Release|x64
		{0FCA4EF8-BA6C-4F29-B91F-2E85F3068309}.Release|x64.Build.0 = Release|x64
		{0FCA4EF8-BA6C-4F29-B91F-2E85F3068309}.Release|x86.ActiveCfg = Release|x86
		{0FCA4EF8-BA6C-4F29-B91F-2E85F3068309}.Release|x86.Build.0 = Release|x86
	EndGlobalSection
	GlobalSection(SolutionProperties) = preSolution
		HideSolutionNode = FALSE
	EndGlobalSection
EndGlobal
